
Microsoft Visual Studio Solution File, Format Version 12.00
# Visual Studio Version 16
VisualStudioVersion = 16.0.30907.101
MinimumVisualStudioVersion = 10.0.40219.1
Project("{8BC9CEB8-8B4A-11D0-8D11-00A0C91BC942}") = "test", "test\test.vcxproj", "{92888D5F-28D4-483D-82CF-1021F5E1134F}"
EndProject
Project("{8BC9CEB8-8B4A-11D0-8D11-00A0C91BC942}") = "win32底层窗口实现", "win32\win32.vcxproj", "{D67552E2-BC8E-4466-A660-C5069A5BF19D}"
EndProject
Project("{8BC9CEB8-8B4A-11D0-8D11-00A0C91BC942}") = "石头剪刀布", "石头剪刀布\石头剪刀布.vcxproj", "{F708515A-3764-4B9E-AC36-276B91E2D2D9}"
EndProject
Project("{8BC9CEB8-8B4A-11D0-8D11-00A0C91BC942}") = "找到第一个只出现依次的字符", "找到第一个只出现依次的字符\找到第一个只出现依次的字符.vcxproj", "{396559E9-96DD-4AD7-80D9-40A67C845C87}"
EndProject
Project("{8BC9CEB8-8B4A-11D0-8D11-00A0C91BC942}") = "MFCGuide", "MFCGuide\MFCGuide.vcxproj", "{3E126CA8-C763-488A-92AB-9BA6B56696AF}"
EndProject
Project("{8BC9CEB8-8B4A-11D0-8D11-00A0C91BC942}") = "mfc", "mfc\mfcc.vcxproj", "{6C0C1670-0057-47B3-A854-B4902D0DD46C}"
EndProject
Project("{8BC9CEB8-8B4A-11D0-8D11-00A0C91BC942}") = "MFCDialog", "MFCDialog\MFCDialog.vcxproj", "{D0937288-53FF-4560-96D6-DD40D8236F16}"
EndProject
Project("{8BC9CEB8-8B4A-11D0-8D11-00A0C91BC942}") = "MFCStaticText", "MFCStaticText\MFCStaticText.vcxproj", "{446925E3-686F-451F-9D67-6BEB0F307B8A}"
EndProject
Global
	GlobalSection(SolutionConfigurationPlatforms) = preSolution
		Debug|x64 = Debug|x64
		Debug|x86 = Debug|x86
		Release|x64 = Release|x64
		Release|x86 = Release|x86
	EndGlobalSection
	GlobalSection(ProjectConfigurationPlatforms) = postSolution
		{92888D5F-28D4-483D-82CF-1021F5E1134F}.Debug|x64.ActiveCfg = Debug|x64
		{92888D5F-28D4-483D-82CF-1021F5E1134F}.Debug|x64.Build.0 = Debug|x64
		{92888D5F-28D4-483D-82CF-1021F5E1134F}.Debug|x86.ActiveCfg = Debug|Win32
		{92888D5F-28D4-483D-82CF-1021F5E1134F}.Debug|x86.Build.0 = Debug|Win32
		{92888D5F-28D4-483D-82CF-1021F5E1134F}.Release|x64.ActiveCfg = Release|x64
		{92888D5F-28D4-483D-82CF-1021F5E1134F}.Release|x64.Build.0 = Release|x64
		{92888D5F-28D4-483D-82CF-1021F5E1134F}.Release|x86.ActiveCfg = Release|Win32
		{92888D5F-28D4-483D-82CF-1021F5E1134F}.Release|x86.Build.0 = Release|Win32
		{D67552E2-BC8E-4466-A660-C5069A5BF19D}.Debug|x64.ActiveCfg = Debug|x64
		{D67552E2-BC8E-4466-A660-C5069A5BF19D}.Debug|x64.Build.0 = Debug|x64
		{D67552E2-BC8E-4466-A660-C5069A5BF19D}.Debug|x86.ActiveCfg = Debug|Win32
		{D67552E2-BC8E-4466-A660-C5069A5BF19D}.Debug|x86.Build.0 = Debug|Win32
		{D67552E2-BC8E-4466-A660-C5069A5BF19D}.Release|x64.ActiveCfg = Release|x64
		{D67552E2-BC8E-4466-A660-C5069A5BF19D}.Release|x64.Build.0 = Release|x64
		{D67552E2-BC8E-4466-A660-C5069A5BF19D}.Release|x86.ActiveCfg = Release|Win32
		{D67552E2-BC8E-4466-A660-C5069A5BF19D}.Release|x86.Build.0 = Release|Win32
		{F708515A-3764-4B9E-AC36-276B91E2D2D9}.Debug|x64.ActiveCfg = Debug|x64
		{F708515A-3764-4B9E-AC36-276B91E2D2D9}.Debug|x64.Build.0 = Debug|x64
		{F708515A-3764-4B9E-AC36-276B91E2D2D9}.Debug|x86.ActiveCfg = Debug|Win32
		{F708515A-3764-4B9E-AC36-276B91E2D2D9}.Debug|x86.Build.0 = Debug|Win32
		{F708515A-3764-4B9E-AC36-276B91E2D2D9}.Release|x64.ActiveCfg = Release|x64
		{F708515A-3764-4B9E-AC36-276B91E2D2D9}.Release|x64.Build.0 = Release|x64
		{F708515A-3764-4B9E-AC36-276B91E2D2D9}.Release|x86.ActiveCfg = Release|Win32
		{F708515A-3764-4B9E-AC36-276B91E2D2D9}.Release|x86.Build.0 = Release|Win32
		{396559E9-96DD-4AD7-80D9-40A67C845C87}.Debug|x64.ActiveCfg = Debug|x64
		{396559E9-96DD-4AD7-80D9-40A67C845C87}.Debug|x64.Build.0 = Debug|x64
		{396559E9-96DD-4AD7-80D9-40A67C845C87}.Debug|x86.ActiveCfg = Debug|Win32
		{396559E9-96DD-4AD7-80D9-40A67C845C87}.Debug|x86.Build.0 = Debug|Win32
		{396559E9-96DD-4AD7-80D9-40A67C845C87}.Release|x64.ActiveCfg = Release|x64
		{396559E9-96DD-4AD7-80D9-40A67C845C87}.Release|x64.Build.0 = Release|x64
		{396559E9-96DD-4AD7-80D9-40A67C845C87}.Release|x86.ActiveCfg = Release|Win32
		{396559E9-96DD-4AD7-80D9-40A67C845C87}.Release|x86.Build.0 = Release|Win32
		{3E126CA8-C763-488A-92AB-9BA6B56696AF}.Debug|x64.ActiveCfg = Debug|x64
		{3E126CA8-C763-488A-92AB-9BA6B56696AF}.Debug|x64.Build.0 = Debug|x64
		{3E126CA8-C763-488A-92AB-9BA6B56696AF}.Debug|x86.ActiveCfg = Debug|Win32
		{3E126CA8-C763-488A-92AB-9BA6B56696AF}.Debug|x86.Build.0 = Debug|Win32
		{3E126CA8-C763-488A-92AB-9BA6B56696AF}.Release|x64.ActiveCfg = Release|x64
		{3E126CA8-C763-488A-92AB-9BA6B56696AF}.Release|x64.Build.0 = Release|x64
		{3E126CA8-C763-488A-92AB-9BA6B56696AF}.Release|x86.ActiveCfg = Release|Win32
		{3E126CA8-C763-488A-92AB-9BA6B56696AF}.Release|x86.Build.0 = Release|Win32
		{6C0C1670-0057-47B3-A854-B4902D0DD46C}.Debug|x64.ActiveCfg = Debug|x64
		{6C0C1670-0057-47B3-A854-B4902D0DD46C}.Debug|x64.Build.0 = Debug|x64
		{6C0C1670-0057-47B3-A854-B4902D0DD46C}.Debug|x86.ActiveCfg = Debug|Win32
		{6C0C1670-0057-47B3-A854-B4902D0DD46C}.Debug|x86.Build.0 = Debug|Win32
		{6C0C1670-0057-47B3-A854-B4902D0DD46C}.Release|x64.ActiveCfg = Release|x64
		{6C0C1670-0057-47B3-A854-B4902D0DD46C}.Release|x64.Build.0 = Release|x64
		{6C0C1670-0057-47B3-A854-B4902D0DD46C}.Release|x86.ActiveCfg = Release|Win32
		{6C0C1670-0057-47B3-A854-B4902D0DD46C}.Release|x86.Build.0 = Release|Win32
		{D0937288-53FF-4560-96D6-DD40D8236F16}.Debug|x64.ActiveCfg = Debug|x64
		{D0937288-53FF-4560-96D6-DD40D8236F16}.Debug|x64.Build.0 = Debug|x64
		{D0937288-53FF-4560-96D6-DD40D8236F16}.Debug|x86.ActiveCfg = Debug|Win32
		{D0937288-53FF-4560-96D6-DD40D8236F16}.Debug|x86.Build.0 = Debug|Win32
		{D0937288-53FF-4560-96D6-DD40D8236F16}.Release|x64.ActiveCfg = Release|x64
		{D0937288-53FF-4560-96D6-DD40D8236F16}.Release|x64.Build.0 = Release|x64
		{D0937288-53FF-4560-96D6-DD40D8236F16}.Release|x86.ActiveCfg = Release|Win32
		{D0937288-53FF-4560-96D6-DD40D8236F16}.Release|x86.Build.0 = Release|Win32
		{446925E3-686F-451F-9D67-6BEB0F307B8A}.Debug|x64.ActiveCfg = Debug|x64
		{446925E3-686F-451F-9D67-6BEB0F307B8A}.Debug|x64.Build.0 = Debug|x64
		{446925E3-686F-451F-9D67-6BEB0F307B8A}.Debug|x86.ActiveCfg = Debug|Win32
		{446925E3-686F-451F-9D67-6BEB0F307B8A}.Debug|x86.Build.0 = Debug|Win32
		{446925E3-686F-451F-9D67-6BEB0F307B8A}.Release|x64.ActiveCfg = Release|x64
		{446925E3-686F-451F-9D67-6BEB0F307B8A}.Release|x64.Build.0 = Release|x64
		{446925E3-686F-451F-9D67-6BEB0F307B8A}.Release|x86.ActiveCfg = Release|Win32
		{446925E3-686F-451F-9D67-6BEB0F307B8A}.Release|x86.Build.0 = Release|Win32
	EndGlobalSection
	GlobalSection(SolutionProperties) = preSolution
		HideSolutionNode = FALSE
	EndGlobalSection
	GlobalSection(ExtensibilityGlobals) = postSolution
		SolutionGuid = {13CF6EA4-022D-424E-AEC7-29559806799B}
	EndGlobalSection
EndGlobal
