
Microsoft Visual Studio Solution File, Format Version 12.00
# Visual Studio Version 16
VisualStudioVersion = 16.0.30907.101
MinimumVisualStudioVersion = 10.0.40219.1
Project("{8BC9CEB8-8B4A-11D0-8D11-00A0C91BC942}") = "win32底层窗口实现", "win32\win32.vcxproj", "{D67552E2-BC8E-4466-A660-C5069A5BF19D}"
EndProject
Project("{8BC9CEB8-8B4A-11D0-8D11-00A0C91BC942}") = "MFCGuide", "MFCGuide\MFCGuide.vcxproj", "{3E126CA8-C763-488A-92AB-9BA6B56696AF}"
EndProject
Project("{8BC9CEB8-8B4A-11D0-8D11-00A0C91BC942}") = "mfc", "mfc\mfcc.vcxproj", "{6C0C1670-0057-47B3-A854-B4902D0DD46C}"
EndProject
Project("{8BC9CEB8-8B4A-11D0-8D11-00A0C91BC942}") = "MFCDialog", "MFCDialog\MFCDialog.vcxproj", "{D0937288-53FF-4560-96D6-DD40D8236F16}"
EndProject
Project("{8BC9CEB8-8B4A-11D0-8D11-00A0C91BC942}") = "MFCStaticText", "MFCStaticText\MFCStaticText.vcxproj", "{446925E3-686F-451F-9D67-6BEB0F307B8A}"
EndProject
Project("{8BC9CEB8-8B4A-11D0-8D11-00A0C91BC942}") = "MFCEditCtrl", "MFCEditCtrl\MFCEditCtrl.vcxproj", "{7169777E-F78C-43B0-B6D1-B1880C5C2FAC}"
EndProject
Project("{8BC9CEB8-8B4A-11D0-8D11-00A0C91BC942}") = "MFCComboxCtrl", "MFCComboxCtrl\MFCComboxCtrl.vcxproj", "{4FF36AED-7D46-432C-A72C-BB95CB775919}"
EndProject
Project("{8BC9CEB8-8B4A-11D0-8D11-00A0C91BC942}") = "MFCCListCtrl", "MFCCListCtrl\MFCCListCtrl.vcxproj", "{DBE1519E-B326-4F73-B551-EE122D1D66D2}"
EndProject
Project("{8BC9CEB8-8B4A-11D0-8D11-00A0C91BC942}") = "MFCTreeCtrl", "MFCTreeCtrl\MFCTreeCtrl.vcxproj", "{C807FDB9-97C6-4570-8299-56FA38383FE9}"
EndProject
Project("{8BC9CEB8-8B4A-11D0-8D11-00A0C91BC942}") = "MFCTabCtrl", "MFCTabCtrl\MFCTabCtrl.vcxproj", "{DBD7BD35-7185-4352-935D-B992B9CE754C}"
EndProject
Project("{8BC9CEB8-8B4A-11D0-8D11-00A0C91BC942}") = "SaleSystem", "SaleSystem\SaleSystem.vcxproj", "{0326F0DC-B428-4E88-9FAC-4C39A0DB60D9}"
EndProject
Global
	GlobalSection(SolutionConfigurationPlatforms) = preSolution
		Debug|x64 = Debug|x64
		Debug|x86 = Debug|x86
		Release|x64 = Release|x64
		Release|x86 = Release|x86
	EndGlobalSection
	GlobalSection(ProjectConfigurationPlatforms) = postSolution
		{D67552E2-BC8E-4466-A660-C5069A5BF19D}.Debug|x64.ActiveCfg = Debug|x64
		{D67552E2-BC8E-4466-A660-C5069A5BF19D}.Debug|x64.Build.0 = Debug|x64
		{D67552E2-BC8E-4466-A660-C5069A5BF19D}.Debug|x86.ActiveCfg = Debug|Win32
		{D67552E2-BC8E-4466-A660-C5069A5BF19D}.Debug|x86.Build.0 = Debug|Win32
		{D67552E2-BC8E-4466-A660-C5069A5BF19D}.Release|x64.ActiveCfg = Release|x64
		{D67552E2-BC8E-4466-A660-C5069A5BF19D}.Release|x64.Build.0 = Release|x64
		{D67552E2-BC8E-4466-A660-C5069A5BF19D}.Release|x86.ActiveCfg = Release|Win32
		{D67552E2-BC8E-4466-A660-C5069A5BF19D}.Release|x86.Build.0 = Release|Win32
		{3E126CA8-C763-488A-92AB-9BA6B56696AF}.Debug|x64.ActiveCfg = Debug|x64
		{3E126CA8-C763-488A-92AB-9BA6B56696AF}.Debug|x64.Build.0 = Debug|x64
		{3E126CA8-C763-488A-92AB-9BA6B56696AF}.Debug|x86.ActiveCfg = Debug|Win32
		{3E126CA8-C763-488A-92AB-9BA6B56696AF}.Debug|x86.Build.0 = Debug|Win32
		{3E126CA8-C763-488A-92AB-9BA6B56696AF}.Release|x64.ActiveCfg = Release|x64
		{3E126CA8-C763-488A-92AB-9BA6B56696AF}.Release|x64.Build.0 = Release|x64
		{3E126CA8-C763-488A-92AB-9BA6B56696AF}.Release|x86.ActiveCfg = Release|Win32
		{3E126CA8-C763-488A-92AB-9BA6B56696AF}.Release|x86.Build.0 = Release|Win32
		{6C0C1670-0057-47B3-A854-B4902D0DD46C}.Debug|x64.ActiveCfg = Debug|x64
		{6C0C1670-0057-47B3-A854-B4902D0DD46C}.Debug|x64.Build.0 = Debug|x64
		{6C0C1670-0057-47B3-A854-B4902D0DD46C}.Debug|x86.ActiveCfg = Debug|Win32
		{6C0C1670-0057-47B3-A854-B4902D0DD46C}.Debug|x86.Build.0 = Debug|Win32
		{6C0C1670-0057-47B3-A854-B4902D0DD46C}.Release|x64.ActiveCfg = Release|x64
		{6C0C1670-0057-47B3-A854-B4902D0DD46C}.Release|x64.Build.0 = Release|x64
		{6C0C1670-0057-47B3-A854-B4902D0DD46C}.Release|x86.ActiveCfg = Release|Win32
		{6C0C1670-0057-47B3-A854-B4902D0DD46C}.Release|x86.Build.0 = Release|Win32
		{D0937288-53FF-4560-96D6-DD40D8236F16}.Debug|x64.ActiveCfg = Debug|x64
		{D0937288-53FF-4560-96D6-DD40D8236F16}.Debug|x64.Build.0 = Debug|x64
		{D0937288-53FF-4560-96D6-DD40D8236F16}.Debug|x86.ActiveCfg = Debug|Win32
		{D0937288-53FF-4560-96D6-DD40D8236F16}.Debug|x86.Build.0 = Debug|Win32
		{D0937288-53FF-4560-96D6-DD40D8236F16}.Release|x64.ActiveCfg = Release|x64
		{D0937288-53FF-4560-96D6-DD40D8236F16}.Release|x64.Build.0 = Release|x64
		{D0937288-53FF-4560-96D6-DD40D8236F16}.Release|x86.ActiveCfg = Release|Win32
		{D0937288-53FF-4560-96D6-DD40D8236F16}.Release|x86.Build.0 = Release|Win32
		{446925E3-686F-451F-9D67-6BEB0F307B8A}.Debug|x64.ActiveCfg = Debug|x64
		{446925E3-686F-451F-9D67-6BEB0F307B8A}.Debug|x64.Build.0 = Debug|x64
		{446925E3-686F-451F-9D67-6BEB0F307B8A}.Debug|x86.ActiveCfg = Debug|Win32
		{446925E3-686F-451F-9D67-6BEB0F307B8A}.Debug|x86.Build.0 = Debug|Win32
		{446925E3-686F-451F-9D67-6BEB0F307B8A}.Release|x64.ActiveCfg = Release|x64
		{446925E3-686F-451F-9D67-6BEB0F307B8A}.Release|x64.Build.0 = Release|x64
		{446925E3-686F-451F-9D67-6BEB0F307B8A}.Release|x86.ActiveCfg = Release|Win32
		{446925E3-686F-451F-9D67-6BEB0F307B8A}.Release|x86.Build.0 = Release|Win32
		{7169777E-F78C-43B0-B6D1-B1880C5C2FAC}.Debug|x64.ActiveCfg = Debug|x64
		{7169777E-F78C-43B0-B6D1-B1880C5C2FAC}.Debug|x64.Build.0 = Debug|x64
		{7169777E-F78C-43B0-B6D1-B1880C5C2FAC}.Debug|x86.ActiveCfg = Debug|Win32
		{7169777E-F78C-43B0-B6D1-B1880C5C2FAC}.Debug|x86.Build.0 = Debug|Win32
		{7169777E-F78C-43B0-B6D1-B1880C5C2FAC}.Release|x64.ActiveCfg = Release|x64
		{7169777E-F78C-43B0-B6D1-B1880C5C2FAC}.Release|x64.Build.0 = Release|x64
		{7169777E-F78C-43B0-B6D1-B1880C5C2FAC}.Release|x86.ActiveCfg = Release|Win32
		{7169777E-F78C-43B0-B6D1-B1880C5C2FAC}.Release|x86.Build.0 = Release|Win32
		{4FF36AED-7D46-432C-A72C-BB95CB775919}.Debug|x64.ActiveCfg = Debug|x64
		{4FF36AED-7D46-432C-A72C-BB95CB775919}.Debug|x64.Build.0 = Debug|x64
		{4FF36AED-7D46-432C-A72C-BB95CB775919}.Debug|x86.ActiveCfg = Debug|Win32
		{4FF36AED-7D46-432C-A72C-BB95CB775919}.Debug|x86.Build.0 = Debug|Win32
		{4FF36AED-7D46-432C-A72C-BB95CB775919}.Release|x64.ActiveCfg = Release|x64
		{4FF36AED-7D46-432C-A72C-BB95CB775919}.Release|x64.Build.0 = Release|x64
		{4FF36AED-7D46-432C-A72C-BB95CB775919}.Release|x86.ActiveCfg = Release|Win32
		{4FF36AED-7D46-432C-A72C-BB95CB775919}.Release|x86.Build.0 = Release|Win32
		{DBE1519E-B326-4F73-B551-EE122D1D66D2}.Debug|x64.ActiveCfg = Debug|x64
		{DBE1519E-B326-4F73-B551-EE122D1D66D2}.Debug|x64.Build.0 = Debug|x64
		{DBE1519E-B326-4F73-B551-EE122D1D66D2}.Debug|x86.ActiveCfg = Debug|Win32
		{DBE1519E-B326-4F73-B551-EE122D1D66D2}.Debug|x86.Build.0 = Debug|Win32
		{DBE1519E-B326-4F73-B551-EE122D1D66D2}.Release|x64.ActiveCfg = Release|x64
		{DBE1519E-B326-4F73-B551-EE122D1D66D2}.Release|x64.Build.0 = Release|x64
		{DBE1519E-B326-4F73-B551-EE122D1D66D2}.Release|x86.ActiveCfg = Release|Win32
		{DBE1519E-B326-4F73-B551-EE122D1D66D2}.Release|x86.Build.0 = Release|Win32
		{C807FDB9-97C6-4570-8299-56FA38383FE9}.Debug|x64.ActiveCfg = Debug|x64
		{C807FDB9-97C6-4570-8299-56FA38383FE9}.Debug|x64.Build.0 = Debug|x64
		{C807FDB9-97C6-4570-8299-56FA38383FE9}.Debug|x86.ActiveCfg = Debug|Win32
		{C807FDB9-97C6-4570-8299-56FA38383FE9}.Debug|x86.Build.0 = Debug|Win32
		{C807FDB9-97C6-4570-8299-56FA38383FE9}.Release|x64.ActiveCfg = Release|x64
		{C807FDB9-97C6-4570-8299-56FA38383FE9}.Release|x64.Build.0 = Release|x64
		{C807FDB9-97C6-4570-8299-56FA38383FE9}.Release|x86.ActiveCfg = Release|Win32
		{C807FDB9-97C6-4570-8299-56FA38383FE9}.Release|x86.Build.0 = Release|Win32
		{DBD7BD35-7185-4352-935D-B992B9CE754C}.Debug|x64.ActiveCfg = Debug|x64
		{DBD7BD35-7185-4352-935D-B992B9CE754C}.Debug|x64.Build.0 = Debug|x64
		{DBD7BD35-7185-4352-935D-B992B9CE754C}.Debug|x86.ActiveCfg = Debug|Win32
		{DBD7BD35-7185-4352-935D-B992B9CE754C}.Debug|x86.Build.0 = Debug|Win32
		{DBD7BD35-7185-4352-935D-B992B9CE754C}.Release|x64.ActiveCfg = Release|x64
		{DBD7BD35-7185-4352-935D-B992B9CE754C}.Release|x64.Build.0 = Release|x64
		{DBD7BD35-7185-4352-935D-B992B9CE754C}.Release|x86.ActiveCfg = Release|Win32
		{DBD7BD35-7185-4352-935D-B992B9CE754C}.Release|x86.Build.0 = Release|Win32
		{0326F0DC-B428-4E88-9FAC-4C39A0DB60D9}.Debug|x64.ActiveCfg = Debug|Win32
		{0326F0DC-B428-4E88-9FAC-4C39A0DB60D9}.Debug|x86.ActiveCfg = Debug|Win32
		{0326F0DC-B428-4E88-9FAC-4C39A0DB60D9}.Debug|x86.Build.0 = Debug|Win32
		{0326F0DC-B428-4E88-9FAC-4C39A0DB60D9}.Release|x64.ActiveCfg = Release|Win32
		{0326F0DC-B428-4E88-9FAC-4C39A0DB60D9}.Release|x86.ActiveCfg = Release|Win32
		{0326F0DC-B428-4E88-9FAC-4C39A0DB60D9}.Release|x86.Build.0 = Release|Win32
	EndGlobalSection
	GlobalSection(SolutionProperties) = preSolution
		HideSolutionNode = FALSE
	EndGlobalSection
	GlobalSection(ExtensibilityGlobals) = postSolution
		SolutionGuid = {13CF6EA4-022D-424E-AEC7-29559806799B}
	EndGlobalSection
EndGlobal
